{
  "version": 4,
  "terraform_version": "1.3.1",
  "serial": 99,
  "lineage": "a7b200ee-cb9b-47df-b7c4-7b06df72d93a",
  "outputs": {},
  "resources": [
    {
      "module": "module.azure_vnet",
      "mode": "managed",
      "type": "azurerm_resource_group",
      "name": "group",
      "provider": "provider[\"registry.terraform.io/hashicorp/azurerm\"]",
      "instances": [
        {
          "schema_version": 0,
          "attributes": {
            "id": "/subscriptions/af030d48-2dc2-434f-8a9d-737be02070bb/resourceGroups/cn-topo-group-dojo",
            "location": "eastus2",
            "name": "cn-topo-group-dojo",
            "tags": {},
            "timeouts": null
          },
          "sensitive_attributes": [],
          "private": "eyJlMmJmYjczMC1lY2FhLTExZTYtOGY4OC0zNDM2M2JjN2M0YzAiOnsiY3JlYXRlIjo1NDAwMDAwMDAwMDAwLCJkZWxldGUiOjU0MDAwMDAwMDAwMDAsInJlYWQiOjMwMDAwMDAwMDAwMCwidXBkYXRlIjo1NDAwMDAwMDAwMDAwfX0="
        }
      ]
    },
    {
      "module": "module.azure_vnet",
      "mode": "managed",
      "type": "azurerm_route_table",
      "name": "subnets_private",
      "provider": "provider[\"registry.terraform.io/hashicorp/azurerm\"]",
      "instances": [
        {
          "schema_version": 0,
          "attributes": {
            "disable_bgp_route_propagation": false,
            "id": "/subscriptions/af030d48-2dc2-434f-8a9d-737be02070bb/resourceGroups/cn-topo-group-dojo/providers/Microsoft.Network/routeTables/cn-topo-azure-dojo-vnet-rt-main",
            "location": "eastus2",
            "name": "cn-topo-azure-dojo-vnet-rt-main",
            "resource_group_name": "cn-topo-group-dojo",
            "route": [
              {
                "address_prefix": "198.203.181.181/32",
                "name": "cn-topo-azure-teamsupport-access",
                "next_hop_in_ip_address": "",
                "next_hop_type": "Internet"
              }
            ],
            "subnets": [],
            "tags": {
              "CreatedBy": "Cohesive solutions team",
              "ManagedBy": "Terraform",
              "Topology": "cn-topo-azure"
            },
            "timeouts": null
          },
          "sensitive_attributes": [],
          "private": "eyJlMmJmYjczMC1lY2FhLTExZTYtOGY4OC0zNDM2M2JjN2M0YzAiOnsiY3JlYXRlIjoxODAwMDAwMDAwMDAwLCJkZWxldGUiOjE4MDAwMDAwMDAwMDAsInJlYWQiOjMwMDAwMDAwMDAwMCwidXBkYXRlIjoxODAwMDAwMDAwMDAwfX0=",
          "dependencies": [
            "module.azure_vnet.azurerm_resource_group.group"
          ]
        }
      ]
    },
    {
      "module": "module.azure_vnet",
      "mode": "managed",
      "type": "azurerm_subnet",
      "name": "subnets_private",
      "provider": "provider[\"registry.terraform.io/hashicorp/azurerm\"]",
      "instances": [
        {
          "index_key": 0,
          "schema_version": 0,
          "attributes": {
            "address_prefixes": [
              "10.105.76.0/24"
            ],
            "delegation": [],
            "enforce_private_link_endpoint_network_policies": false,
            "enforce_private_link_service_network_policies": false,
            "id": "/subscriptions/af030d48-2dc2-434f-8a9d-737be02070bb/resourceGroups/cn-topo-group-dojo/providers/Microsoft.Network/virtualNetworks/cn-topo-azure-dojo-vnet/subnets/cn-topo-azure-dojo-vnet-sn-0",
            "name": "cn-topo-azure-dojo-vnet-sn-0",
            "private_endpoint_network_policies_enabled": true,
            "private_link_service_network_policies_enabled": true,
            "resource_group_name": "cn-topo-group-dojo",
            "service_endpoint_policy_ids": null,
            "service_endpoints": null,
            "timeouts": null,
            "virtual_network_name": "cn-topo-azure-dojo-vnet"
          },
          "sensitive_attributes": [],
          "private": "eyJlMmJmYjczMC1lY2FhLTExZTYtOGY4OC0zNDM2M2JjN2M0YzAiOnsiY3JlYXRlIjoxODAwMDAwMDAwMDAwLCJkZWxldGUiOjE4MDAwMDAwMDAwMDAsInJlYWQiOjMwMDAwMDAwMDAwMCwidXBkYXRlIjoxODAwMDAwMDAwMDAwfX0=",
          "dependencies": [
            "module.azure_vnet.azurerm_resource_group.group",
            "module.azure_vnet.azurerm_virtual_network.main"
          ]
        }
      ]
    },
    {
      "module": "module.azure_vnet",
      "mode": "managed",
      "type": "azurerm_subnet_route_table_association",
      "name": "subnets_private",
      "provider": "provider[\"registry.terraform.io/hashicorp/azurerm\"]",
      "instances": [
        {
          "index_key": 0,
          "schema_version": 0,
          "attributes": {
            "id": "/subscriptions/af030d48-2dc2-434f-8a9d-737be02070bb/resourceGroups/cn-topo-group-dojo/providers/Microsoft.Network/virtualNetworks/cn-topo-azure-dojo-vnet/subnets/cn-topo-azure-dojo-vnet-sn-0",
            "route_table_id": "/subscriptions/af030d48-2dc2-434f-8a9d-737be02070bb/resourceGroups/cn-topo-group-dojo/providers/Microsoft.Network/routeTables/cn-topo-azure-dojo-vnet-rt-main",
            "subnet_id": "/subscriptions/af030d48-2dc2-434f-8a9d-737be02070bb/resourceGroups/cn-topo-group-dojo/providers/Microsoft.Network/virtualNetworks/cn-topo-azure-dojo-vnet/subnets/cn-topo-azure-dojo-vnet-sn-0",
            "timeouts": null
          },
          "sensitive_attributes": [],
          "private": "eyJlMmJmYjczMC1lY2FhLTExZTYtOGY4OC0zNDM2M2JjN2M0YzAiOnsiY3JlYXRlIjoxODAwMDAwMDAwMDAwLCJkZWxldGUiOjE4MDAwMDAwMDAwMDAsInJlYWQiOjMwMDAwMDAwMDAwMCwidXBkYXRlIjoxODAwMDAwMDAwMDAwfX0=",
          "dependencies": [
            "module.azure_vnet.azurerm_resource_group.group",
            "module.azure_vnet.azurerm_route_table.subnets_private",
            "module.azure_vnet.azurerm_subnet.subnets_private",
            "module.azure_vnet.azurerm_virtual_network.main"
          ]
        }
      ]
    },
    {
      "module": "module.azure_vnet",
      "mode": "managed",
      "type": "azurerm_virtual_network",
      "name": "main",
      "provider": "provider[\"registry.terraform.io/hashicorp/azurerm\"]",
      "instances": [
        {
          "schema_version": 0,
          "attributes": {
            "address_space": [
              "10.105.0.0/16"
            ],
            "bgp_community": "",
            "ddos_protection_plan": [],
            "dns_servers": [],
            "edge_zone": "",
            "flow_timeout_in_minutes": 0,
            "guid": "1af9e119-784a-4eb4-bf4f-99be0266731f",
            "id": "/subscriptions/af030d48-2dc2-434f-8a9d-737be02070bb/resourceGroups/cn-topo-group-dojo/providers/Microsoft.Network/virtualNetworks/cn-topo-azure-dojo-vnet",
            "location": "eastus2",
            "name": "cn-topo-azure-dojo-vnet",
            "resource_group_name": "cn-topo-group-dojo",
            "subnet": [],
            "tags": null,
            "timeouts": null
          },
          "sensitive_attributes": [],
          "private": "eyJlMmJmYjczMC1lY2FhLTExZTYtOGY4OC0zNDM2M2JjN2M0YzAiOnsiY3JlYXRlIjoxODAwMDAwMDAwMDAwLCJkZWxldGUiOjE4MDAwMDAwMDAwMDAsInJlYWQiOjMwMDAwMDAwMDAwMCwidXBkYXRlIjoxODAwMDAwMDAwMDAwfX0=",
          "dependencies": [
            "module.azure_vnet.azurerm_resource_group.group"
          ]
        }
      ]
    },
    {
      "module": "module.azure_vns3",
      "mode": "data",
      "type": "azurerm_subscription",
      "name": "current",
      "provider": "provider[\"registry.terraform.io/hashicorp/azurerm\"]",
      "instances": [
        {
          "schema_version": 0,
          "attributes": {
            "display_name": "Dojo Sandbox - NonProd",
            "id": "/subscriptions/af030d48-2dc2-434f-8a9d-737be02070bb",
            "location_placement_id": "Public_2014-09-01",
            "quota_id": "EnterpriseAgreement_2014-09-01",
            "spending_limit": "Off",
            "state": "Enabled",
            "subscription_id": "af030d48-2dc2-434f-8a9d-737be02070bb",
            "tags": {},
            "tenant_id": "db05faca-c82a-4b9d-b9c5-0f64b6755421",
            "timeouts": null
          },
          "sensitive_attributes": []
        }
      ]
    },
    {
      "module": "module.azure_vns3",
      "mode": "managed",
      "type": "azurerm_network_interface",
      "name": "vns3",
      "provider": "provider[\"registry.terraform.io/hashicorp/azurerm\"]",
      "instances": [
        {
          "index_key": 0,
          "schema_version": 0,
          "attributes": {
            "applied_dns_servers": [],
            "dns_servers": [],
            "edge_zone": "",
            "enable_accelerated_networking": false,
            "enable_ip_forwarding": true,
            "id": "/subscriptions/af030d48-2dc2-434f-8a9d-737be02070bb/resourceGroups/cn-topo-group-dojo/providers/Microsoft.Network/networkInterfaces/cn-topo-azure-vns3-ni-0",
            "internal_dns_name_label": "",
            "internal_domain_name_suffix": "dhq5sgskpc0e3p0ptg5aezttdh.cx.internal.cloudapp.net",
            "ip_configuration": [
              {
                "gateway_load_balancer_frontend_ip_configuration_id": "",
                "name": "Primary",
                "primary": true,
                "private_ip_address": "10.105.76.4",
                "private_ip_address_allocation": "Dynamic",
                "private_ip_address_version": "IPv4",
                "public_ip_address_id": "/subscriptions/af030d48-2dc2-434f-8a9d-737be02070bb/resourceGroups/cn-topo-group-dojo/providers/Microsoft.Network/publicIPAddresses/cn-topo-azure-vns3-publicIP-0",
                "subnet_id": "/subscriptions/af030d48-2dc2-434f-8a9d-737be02070bb/resourceGroups/cn-topo-group-dojo/providers/Microsoft.Network/virtualNetworks/cn-topo-azure-dojo-vnet/subnets/cn-topo-azure-dojo-vnet-sn-0"
              },
              {
                "gateway_load_balancer_frontend_ip_configuration_id": "",
                "name": "Secondary",
                "primary": false,
                "private_ip_address": "10.105.76.5",
                "private_ip_address_allocation": "Dynamic",
                "private_ip_address_version": "IPv4",
                "public_ip_address_id": "",
                "subnet_id": "/subscriptions/af030d48-2dc2-434f-8a9d-737be02070bb/resourceGroups/cn-topo-group-dojo/providers/Microsoft.Network/virtualNetworks/cn-topo-azure-dojo-vnet/subnets/cn-topo-azure-dojo-vnet-sn-0"
              }
            ],
            "location": "eastus2",
            "mac_address": "",
            "name": "cn-topo-azure-vns3-ni-0",
            "private_ip_address": "10.105.76.4",
            "private_ip_addresses": [
              "10.105.76.4",
              "10.105.76.5"
            ],
            "resource_group_name": "cn-topo-group-dojo",
            "tags": {
              "CreatedBy": "Cohesive solutions team",
              "ManagedBy": "Terraform",
              "Topology": "cn-topo-azure"
            },
            "timeouts": null,
            "virtual_machine_id": ""
          },
          "sensitive_attributes": [],
          "private": "eyJlMmJmYjczMC1lY2FhLTExZTYtOGY4OC0zNDM2M2JjN2M0YzAiOnsiY3JlYXRlIjoxODAwMDAwMDAwMDAwLCJkZWxldGUiOjE4MDAwMDAwMDAwMDAsInJlYWQiOjMwMDAwMDAwMDAwMCwidXBkYXRlIjoxODAwMDAwMDAwMDAwfX0=",
          "dependencies": [
            "module.azure_vnet.azurerm_resource_group.group",
            "module.azure_vnet.azurerm_subnet.subnets_private",
            "module.azure_vnet.azurerm_virtual_network.main",
            "module.azure_vns3.azurerm_public_ip.vns3_public_ips"
          ]
        }
      ]
    },
    {
      "module": "module.azure_vns3",
      "mode": "managed",
      "type": "azurerm_network_security_group",
      "name": "vns3_server_nsg",
      "provider": "provider[\"registry.terraform.io/hashicorp/azurerm\"]",
      "instances": [
        {
          "schema_version": 0,
          "attributes": {
            "id": "/subscriptions/af030d48-2dc2-434f-8a9d-737be02070bb/resourceGroups/cn-topo-group-dojo/providers/Microsoft.Network/networkSecurityGroups/cn-topo-azure-vns3-nsg",
            "location": "eastus2",
            "name": "cn-topo-azure-vns3-nsg",
            "resource_group_name": "cn-topo-group-dojo",
            "security_rule": [
              {
                "access": "Allow",
                "description": "",
                "destination_address_prefix": "198.203.181.181/32",
                "destination_address_prefixes": [],
                "destination_application_security_group_ids": [],
                "destination_port_range": "*",
                "destination_port_ranges": [],
                "direction": "Outbound",
                "name": "AllowAllAccessCidrOutbound",
                "priority": 200,
                "protocol": "*",
                "source_address_prefix": "VirtualNetwork",
                "source_address_prefixes": [],
                "source_application_security_group_ids": [],
                "source_port_range": "*",
                "source_port_ranges": []
              },
              {
                "access": "Allow",
                "description": "",
                "destination_address_prefix": "VirtualNetwork",
                "destination_address_prefixes": [],
                "destination_application_security_group_ids": [],
                "destination_port_range": "*",
                "destination_port_ranges": [],
                "direction": "Inbound",
                "name": "AllowAllVNETInbound",
                "priority": 600,
                "protocol": "*",
                "source_address_prefix": "VirtualNetwork",
                "source_address_prefixes": [],
                "source_application_security_group_ids": [],
                "source_port_range": "*",
                "source_port_ranges": []
              },
              {
                "access": "Allow",
                "description": "",
                "destination_address_prefix": "VirtualNetwork",
                "destination_address_prefixes": [],
                "destination_application_security_group_ids": [],
                "destination_port_range": "1195-1197",
                "destination_port_ranges": [],
                "direction": "Inbound",
                "name": "AllowVnetVNS3Peering",
                "priority": 300,
                "protocol": "Udp",
                "source_address_prefix": "VirtualNetwork",
                "source_address_prefixes": [],
                "source_application_security_group_ids": [],
                "source_port_range": "1195-1197",
                "source_port_ranges": []
              },
              {
                "access": "Allow",
                "description": "",
                "destination_address_prefix": "VirtualNetwork",
                "destination_address_prefixes": [],
                "destination_application_security_group_ids": [],
                "destination_port_range": "4500",
                "destination_port_ranges": [],
                "direction": "Inbound",
                "name": "AllowVNetInboundIPsecPhase2",
                "priority": 500,
                "protocol": "Udp",
                "source_address_prefix": "VirtualNetwork",
                "source_address_prefixes": [],
                "source_application_security_group_ids": [],
                "source_port_range": "4500",
                "source_port_ranges": []
              },
              {
                "access": "Allow",
                "description": "",
                "destination_address_prefix": "VirtualNetwork",
                "destination_address_prefixes": [],
                "destination_application_security_group_ids": [],
                "destination_port_range": "500",
                "destination_port_ranges": [],
                "direction": "Inbound",
                "name": "AllowVNetInboundIPsecPhase1",
                "priority": 400,
                "protocol": "Udp",
                "source_address_prefix": "VirtualNetwork",
                "source_address_prefixes": [],
                "source_application_security_group_ids": [],
                "source_port_range": "500",
                "source_port_ranges": []
              },
              {
                "access": "Allow",
                "description": "",
                "destination_address_prefix": "VirtualNetwork",
                "destination_address_prefixes": [],
                "destination_application_security_group_ids": [],
                "destination_port_range": "8000",
                "destination_port_ranges": [],
                "direction": "Inbound",
                "name": "AllowSupportCidrVNS3Http",
                "priority": 200,
                "protocol": "Tcp",
                "source_address_prefix": "198.203.181.181/32",
                "source_address_prefixes": [],
                "source_application_security_group_ids": [],
                "source_port_range": "*",
                "source_port_ranges": []
              },
              {
                "access": "Allow",
                "description": "",
                "destination_address_prefix": "VirtualNetwork",
                "destination_address_prefixes": [],
                "destination_application_security_group_ids": [],
                "destination_port_range": "8000",
                "destination_port_ranges": [],
                "direction": "Inbound",
                "name": "AllowVnetVNS3Http",
                "priority": 100,
                "protocol": "Tcp",
                "source_address_prefix": "VirtualNetwork",
                "source_address_prefixes": [],
                "source_application_security_group_ids": [],
                "source_port_range": "*",
                "source_port_ranges": []
              }
            ],
            "tags": {},
            "timeouts": null
          },
          "sensitive_attributes": [],
          "private": "eyJlMmJmYjczMC1lY2FhLTExZTYtOGY4OC0zNDM2M2JjN2M0YzAiOnsiY3JlYXRlIjoxODAwMDAwMDAwMDAwLCJkZWxldGUiOjE4MDAwMDAwMDAwMDAsInJlYWQiOjMwMDAwMDAwMDAwMCwidXBkYXRlIjoxODAwMDAwMDAwMDAwfX0=",
          "dependencies": [
            "module.azure_vnet.azurerm_resource_group.group"
          ]
        }
      ]
    },
    {
      "module": "module.azure_vns3",
      "mode": "managed",
      "type": "azurerm_public_ip",
      "name": "vns3_public_ips",
      "provider": "provider[\"registry.terraform.io/hashicorp/azurerm\"]",
      "instances": [
        {
          "index_key": 0,
          "schema_version": 0,
          "attributes": {
            "allocation_method": "Static",
            "ddos_protection_mode": "VirtualNetworkInherited",
            "ddos_protection_plan_id": null,
            "domain_name_label": null,
            "edge_zone": "",
            "fqdn": null,
            "id": "/subscriptions/af030d48-2dc2-434f-8a9d-737be02070bb/resourceGroups/cn-topo-group-dojo/providers/Microsoft.Network/publicIPAddresses/cn-topo-azure-vns3-publicIP-0",
            "idle_timeout_in_minutes": 4,
            "ip_address": "20.110.254.232",
            "ip_tags": null,
            "ip_version": "IPv4",
            "location": "eastus2",
            "name": "cn-topo-azure-vns3-publicIP-0",
            "public_ip_prefix_id": null,
            "resource_group_name": "cn-topo-group-dojo",
            "reverse_fqdn": null,
            "sku": "Basic",
            "sku_tier": "Regional",
            "tags": {
              "CreatedBy": "Cohesive solutions team",
              "ManagedBy": "Terraform",
              "Topology": "cn-topo-azure"
            },
            "timeouts": null,
            "zones": null
          },
          "sensitive_attributes": [],
          "private": "eyJlMmJmYjczMC1lY2FhLTExZTYtOGY4OC0zNDM2M2JjN2M0YzAiOnsiY3JlYXRlIjoxODAwMDAwMDAwMDAwLCJkZWxldGUiOjE4MDAwMDAwMDAwMDAsInJlYWQiOjMwMDAwMDAwMDAwMCwidXBkYXRlIjoxODAwMDAwMDAwMDAwfX0=",
          "dependencies": [
            "module.azure_vnet.azurerm_resource_group.group",
            "module.azure_vnet.azurerm_subnet.subnets_private",
            "module.azure_vnet.azurerm_virtual_network.main"
          ]
        }
      ]
    },
    {
      "module": "module.azure_vns3",
      "mode": "managed",
      "type": "azurerm_role_definition",
      "name": "vns3_ha",
      "provider": "provider[\"registry.terraform.io/hashicorp/azurerm\"]",
      "instances": [
        {
          "schema_version": 1,
          "attributes": {
            "assignable_scopes": [
              "/subscriptions/af030d48-2dc2-434f-8a9d-737be02070bb/resourceGroups/cn-topo-group-dojo"
            ],
            "description": "Allow the VNS3 HA Primary selfish plugin to Update Azure Route Table Entries",
            "id": "/subscriptions/af030d48-2dc2-434f-8a9d-737be02070bb/providers/Microsoft.Authorization/roleDefinitions/41240799-7557-e5f3-c5e5-074bba3bce93|/subscriptions/af030d48-2dc2-434f-8a9d-737be02070bb",
            "name": "VNS3-HA-Route-Table-Update",
            "permissions": [
              {
                "actions": [
                  "Microsoft.Compute/virtualMachines/read",
                  "Microsoft.Network/networkInterfaces/read",
                  "Microsoft.Network/virtualNetworks/read",
                  "Microsoft.Network/publicIPAddresses/read",
                  "Microsoft.Network/routeTables/read",
                  "Microsoft.Network/routeTables/routes/read",
                  "Microsoft.Network/routeTables/routes/write"
                ],
                "data_actions": [],
                "not_actions": [],
                "not_data_actions": []
              }
            ],
            "role_definition_id": "41240799-7557-e5f3-c5e5-074bba3bce93",
            "role_definition_resource_id": "/subscriptions/af030d48-2dc2-434f-8a9d-737be02070bb/providers/Microsoft.Authorization/roleDefinitions/41240799-7557-e5f3-c5e5-074bba3bce93",
            "scope": "/subscriptions/af030d48-2dc2-434f-8a9d-737be02070bb",
            "timeouts": null
          },
          "sensitive_attributes": [],
          "private": "eyJlMmJmYjczMC1lY2FhLTExZTYtOGY4OC0zNDM2M2JjN2M0YzAiOnsiY3JlYXRlIjoxODAwMDAwMDAwMDAwLCJkZWxldGUiOjE4MDAwMDAwMDAwMDAsInJlYWQiOjMwMDAwMDAwMDAwMCwidXBkYXRlIjozNjAwMDAwMDAwMDAwfSwic2NoZW1hX3ZlcnNpb24iOiIxIn0=",
          "dependencies": [
            "module.azure_vnet.azurerm_resource_group.group",
            "module.azure_vns3.data.azurerm_subscription.current"
          ]
        }
      ]
    },
    {
      "module": "module.azure_vns3",
      "mode": "managed",
      "type": "azurerm_route",
      "name": "controller_support_access",
      "provider": "provider[\"registry.terraform.io/hashicorp/azurerm\"]",
      "instances": [
        {
          "schema_version": 0,
          "attributes": {
            "address_prefix": "198.203.181.181/32",
            "id": "/subscriptions/af030d48-2dc2-434f-8a9d-737be02070bb/resourceGroups/cn-topo-group-dojo/providers/Microsoft.Network/routeTables/cn-topo-azure-dojo-vnet-rt-main/routes/cn-topo-azure-teamsupport-access",
            "name": "cn-topo-azure-teamsupport-access",
            "next_hop_in_ip_address": "",
            "next_hop_type": "Internet",
            "resource_group_name": "cn-topo-group-dojo",
            "route_table_name": "cn-topo-azure-dojo-vnet-rt-main",
            "timeouts": null
          },
          "sensitive_attributes": [],
          "private": "eyJlMmJmYjczMC1lY2FhLTExZTYtOGY4OC0zNDM2M2JjN2M0YzAiOnsiY3JlYXRlIjoxODAwMDAwMDAwMDAwLCJkZWxldGUiOjE4MDAwMDAwMDAwMDAsInJlYWQiOjMwMDAwMDAwMDAwMCwidXBkYXRlIjoxODAwMDAwMDAwMDAwfX0=",
          "dependencies": [
            "module.azure_vnet.azurerm_resource_group.group",
            "module.azure_vnet.azurerm_route_table.subnets_private"
          ]
        }
      ]
    },
    {
      "module": "module.azure_vns3",
      "mode": "managed",
      "type": "azurerm_subnet_network_security_group_association",
      "name": "test",
      "provider": "provider[\"registry.terraform.io/hashicorp/azurerm\"]",
      "instances": [
        {
          "index_key": 0,
          "schema_version": 0,
          "attributes": {
            "id": "/subscriptions/af030d48-2dc2-434f-8a9d-737be02070bb/resourceGroups/cn-topo-group-dojo/providers/Microsoft.Network/virtualNetworks/cn-topo-azure-dojo-vnet/subnets/cn-topo-azure-dojo-vnet-sn-0",
            "network_security_group_id": "/subscriptions/af030d48-2dc2-434f-8a9d-737be02070bb/resourceGroups/cn-topo-group-dojo/providers/Microsoft.Network/networkSecurityGroups/cn-topo-azure-vns3-nsg",
            "subnet_id": "/subscriptions/af030d48-2dc2-434f-8a9d-737be02070bb/resourceGroups/cn-topo-group-dojo/providers/Microsoft.Network/virtualNetworks/cn-topo-azure-dojo-vnet/subnets/cn-topo-azure-dojo-vnet-sn-0",
            "timeouts": null
          },
          "sensitive_attributes": [],
          "private": "eyJlMmJmYjczMC1lY2FhLTExZTYtOGY4OC0zNDM2M2JjN2M0YzAiOnsiY3JlYXRlIjoxODAwMDAwMDAwMDAwLCJkZWxldGUiOjE4MDAwMDAwMDAwMDAsInJlYWQiOjMwMDAwMDAwMDAwMCwidXBkYXRlIjoxODAwMDAwMDAwMDAwfX0=",
          "dependencies": [
            "module.azure_vnet.azurerm_resource_group.group",
            "module.azure_vnet.azurerm_subnet.subnets_private",
            "module.azure_vnet.azurerm_virtual_network.main",
            "module.azure_vns3.azurerm_network_security_group.vns3_server_nsg"
          ]
        }
      ]
    },
    {
      "module": "module.azure_vns3",
      "mode": "managed",
      "type": "azurerm_virtual_machine",
      "name": "vns3",
      "provider": "provider[\"registry.terraform.io/hashicorp/azurerm\"]",
      "instances": [
        {
          "index_key": 0,
          "schema_version": 0,
          "attributes": {
            "additional_capabilities": [],
            "availability_set_id": null,
            "boot_diagnostics": [],
            "delete_data_disks_on_termination": false,
            "delete_os_disk_on_termination": false,
            "id": "/subscriptions/af030d48-2dc2-434f-8a9d-737be02070bb/resourceGroups/cn-topo-group-dojo/providers/Microsoft.Compute/virtualMachines/cn-topo-azure-vns3-0",
            "identity": [
              {
                "identity_ids": null,
                "principal_id": "a4463804-c17d-430f-ac0e-7f0d3cfd1b83",
                "type": "SystemAssigned"
              }
            ],
            "license_type": null,
            "location": "eastus2",
            "name": "cn-topo-azure-vns3-0",
            "network_interface_ids": [
              "/subscriptions/af030d48-2dc2-434f-8a9d-737be02070bb/resourceGroups/cn-topo-group-dojo/providers/Microsoft.Network/networkInterfaces/cn-topo-azure-vns3-ni-0"
            ],
            "os_profile": [
              {
                "admin_password": "",
                "admin_username": "vns3admin",
                "computer_name": "cn-topo-azure-vns3-0",
                "custom_data": ""
              }
            ],
            "os_profile_linux_config": [
              {
                "disable_password_authentication": false,
                "ssh_keys": []
              }
            ],
            "os_profile_secrets": [],
            "os_profile_windows_config": [],
            "plan": [
              {
                "name": "cohesive-vns3-nate-free-6_0_x",
                "product": "cohesive-vns3-6_0_x-nate",
                "publisher": "cohesive"
              }
            ],
            "primary_network_interface_id": null,
            "proximity_placement_group_id": null,
            "resource_group_name": "cn-topo-group-dojo",
            "storage_data_disk": [],
            "storage_image_reference": [
              {
                "id": "",
                "offer": "cohesive-vns3-6_0_x-nate",
                "publisher": "cohesive",
                "sku": "cohesive-vns3-nate-free-6_0_x",
                "version": "latest"
              }
            ],
            "storage_os_disk": [
              {
                "caching": "ReadWrite",
                "create_option": "FromImage",
                "disk_size_gb": 30,
                "image_uri": "",
                "managed_disk_id": "/subscriptions/af030d48-2dc2-434f-8a9d-737be02070bb/resourceGroups/cn-topo-group-dojo/providers/Microsoft.Compute/disks/cn-topo-azure-vns3-0-disc",
                "managed_disk_type": "Standard_LRS",
                "name": "cn-topo-azure-vns3-0-disc",
                "os_type": "Linux",
                "vhd_uri": "",
                "write_accelerator_enabled": false
              }
            ],
            "tags": {
              "CreatedBy": "Cohesive solutions team",
              "ManagedBy": "Terraform",
              "Topology": "cn-topo-azure"
            },
            "timeouts": null,
            "vm_size": "Standard_A2_v2",
            "zones": null
          },
          "sensitive_attributes": [],
          "private": "eyJlMmJmYjczMC1lY2FhLTExZTYtOGY4OC0zNDM2M2JjN2M0YzAiOnsiY3JlYXRlIjozNjAwMDAwMDAwMDAwLCJkZWxldGUiOjM2MDAwMDAwMDAwMDAsInJlYWQiOjMwMDAwMDAwMDAwMCwidXBkYXRlIjozNjAwMDAwMDAwMDAwfX0=",
          "dependencies": [
            "module.azure_vnet.azurerm_resource_group.group",
            "module.azure_vnet.azurerm_subnet.subnets_private",
            "module.azure_vnet.azurerm_virtual_network.main",
            "module.azure_vns3.azurerm_network_interface.vns3",
            "module.azure_vns3.azurerm_public_ip.vns3_public_ips"
          ]
        }
      ]
    }
  ],
  "check_results": []
}
